
Microsoft Visual Studio Solution File, Format Version 12.00
# Visual Studio Version 16
VisualStudioVersion = 16.0.31205.134
MinimumVisualStudioVersion = 10.0.40219.1
Project("{FAE04EC0-301F-11D3-BF4B-00C04F79EFBC}") = "Custom Discord Rich Presence", "Custom Discord Rich Presence\Custom Discord Rich Presence.csproj", "{7D60DCA1-7CC3-40A1-9A1B-E6D6DAD6FA36}"
EndProject
Global
	GlobalSection(SolutionConfigurationPlatforms) = preSolution
		Debug|Any CPU = Debug|Any CPU
		Release|Any CPU = Release|Any CPU
	EndGlobalSection
	GlobalSection(ProjectConfigurationPlatforms) = postSolution
		{7D60DCA1-7CC3-40A1-9A1B-E6D6DAD6FA36}.Debug|Any CPU.ActiveCfg = Debug|Any CPU
		{7D60DCA1-7CC3-40A1-9A1B-E6D6DAD6FA36}.Debug|Any CPU.Build.0 = Debug|Any CPU
		{7D60DCA1-7CC3-40A1-9A1B-E6D6DAD6FA36}.Release|Any CPU.ActiveCfg = Release|Any CPU
		{7D60DCA1-7CC3-40A1-9A1B-E6D6DAD6FA36}.Release|Any CPU.Build.0 = Release|Any CPU
	EndGlobalSection
	GlobalSection(SolutionProperties) = preSolution
		HideSolutionNode = FALSE
	EndGlobalSection
	GlobalSection(ExtensibilityGlobals) = postSolution
		SolutionGuid = {A350BB9D-87ED-470A-B852-FD40AC5333C8}
	EndGlobalSection
EndGlobal
